
Microsoft Visual Studio Solution File, Format Version 12.00
# Visual Studio Version 16
VisualStudioVersion = 16.0.31112.23
MinimumVisualStudioVersion = 10.0.40219.1
Project("{FAE04EC0-301F-11D3-BF4B-00C04F79EFBC}") = "FizzBuzzConsoleApp", "FizzBuzzConsoleApp\FizzBuzzConsoleApp.csproj", "{3C5EA0FB-1B37-4037-8F70-CE9A0510B9C5}"
EndProject
Project("{FAE04EC0-301F-11D3-BF4B-00C04F79EFBC}") = "FizzBuzz", "FizzBuzz\FizzBuzz.csproj", "{CFE13EEF-3893-4F16-8697-48081BD156CC}"
EndProject
Project("{2150E333-8FDC-42A3-9474-1A3956D46DE8}") = "tests", "tests", "{5B50297B-F72C-4654-9DC2-07C7FC035C44}"
EndProject
Project("{FAE04EC0-301F-11D3-BF4B-00C04F79EFBC}") = "FizzBuzz.UnitTests", "..\tst\FizzBuzz.UnitTests\FizzBuzz.UnitTests.csproj", "{A0853E38-0DFD-4F3C-B839-C218BA05C068}"
EndProject
Global
	GlobalSection(SolutionConfigurationPlatforms) = preSolution
		Debug|Any CPU = Debug|Any CPU
		Release|Any CPU = Release|Any CPU
	EndGlobalSection
	GlobalSection(ProjectConfigurationPlatforms) = postSolution
		{3C5EA0FB-1B37-4037-8F70-CE9A0510B9C5}.Debug|Any CPU.ActiveCfg = Debug|Any CPU
		{3C5EA0FB-1B37-4037-8F70-CE9A0510B9C5}.Debug|Any CPU.Build.0 = Debug|Any CPU
		{3C5EA0FB-1B37-4037-8F70-CE9A0510B9C5}.Release|Any CPU.ActiveCfg = Release|Any CPU
		{3C5EA0FB-1B37-4037-8F70-CE9A0510B9C5}.Release|Any CPU.Build.0 = Release|Any CPU
		{CFE13EEF-3893-4F16-8697-48081BD156CC}.Debug|Any CPU.ActiveCfg = Debug|Any CPU
		{CFE13EEF-3893-4F16-8697-48081BD156CC}.Debug|Any CPU.Build.0 = Debug|Any CPU
		{CFE13EEF-3893-4F16-8697-48081BD156CC}.Release|Any CPU.ActiveCfg = Release|Any CPU
		{CFE13EEF-3893-4F16-8697-48081BD156CC}.Release|Any CPU.Build.0 = Release|Any CPU
		{A0853E38-0DFD-4F3C-B839-C218BA05C068}.Debug|Any CPU.ActiveCfg = Debug|Any CPU
		{A0853E38-0DFD-4F3C-B839-C218BA05C068}.Debug|Any CPU.Build.0 = Debug|Any CPU
		{A0853E38-0DFD-4F3C-B839-C218BA05C068}.Release|Any CPU.ActiveCfg = Release|Any CPU
		{A0853E38-0DFD-4F3C-B839-C218BA05C068}.Release|Any CPU.Build.0 = Release|Any CPU
	EndGlobalSection
	GlobalSection(SolutionProperties) = preSolution
		HideSolutionNode = FALSE
	EndGlobalSection
	GlobalSection(NestedProjects) = preSolution
		{A0853E38-0DFD-4F3C-B839-C218BA05C068} = {5B50297B-F72C-4654-9DC2-07C7FC035C44}
	EndGlobalSection
	GlobalSection(ExtensibilityGlobals) = postSolution
		SolutionGuid = {756D822B-C24D-444D-8F61-0FA89944CBF9}
	EndGlobalSection
EndGlobal
